
Microsoft Visual Studio Solution File, Format Version 12.00
# Visual Studio Version 17
VisualStudioVersion = 17.4.33205.214
MinimumVisualStudioVersion = 10.0.40219.1
Project("{00D1A9C2-B5F0-4AF3-8072-F6C62B433612}") = "tSQLt.2022", "tSQLt.2022\tSQLt.2022.sqlproj", "{82D6BFBF-639F-4516-89C0-BA9A2D4922A6}"
EndProject
Global
	GlobalSection(SolutionConfigurationPlatforms) = preSolution
		Debug|Any CPU = Debug|Any CPU
		Release|Any CPU = Release|Any CPU
	EndGlobalSection
	GlobalSection(ProjectConfigurationPlatforms) = postSolution
		{82D6BFBF-639F-4516-89C0-BA9A2D4922A6}.Debug|Any CPU.ActiveCfg = Debug|Any CPU
		{82D6BFBF-639F-4516-89C0-BA9A2D4922A6}.Debug|Any CPU.Build.0 = Debug|Any CPU
		{82D6BFBF-639F-4516-89C0-BA9A2D4922A6}.Debug|Any CPU.Deploy.0 = Debug|Any CPU
		{82D6BFBF-639F-4516-89C0-BA9A2D4922A6}.Release|Any CPU.ActiveCfg = Release|Any CPU
		{82D6BFBF-639F-4516-89C0-BA9A2D4922A6}.Release|Any CPU.Build.0 = Release|Any CPU
		{82D6BFBF-639F-4516-89C0-BA9A2D4922A6}.Release|Any CPU.Deploy.0 = Release|Any CPU
	EndGlobalSection
	GlobalSection(SolutionProperties) = preSolution
		HideSolutionNode = FALSE
	EndGlobalSection
	GlobalSection(ExtensibilityGlobals) = postSolution
		SolutionGuid = {D7040D53-149F-4780-A926-1D300CF9F369}
	EndGlobalSection
EndGlobal
